
Microsoft Visual Studio Solution File, Format Version 12.00
# Visual Studio Version 16
VisualStudioVersion = 16.0.29613.14
MinimumVisualStudioVersion = 10.0.40219.1
Project("{FAE04EC0-301F-11D3-BF4B-00C04F79EFBC}") = "SalesWebMvc", "SalesWebMvc\SalesWebMvc.csproj", "{1A08F37B-FB40-433F-BEA8-DD1721143A34}"
EndProject
Global
	GlobalSection(SolutionConfigurationPlatforms) = preSolution
		Debug|Any CPU = Debug|Any CPU
		Release|Any CPU = Release|Any CPU
	EndGlobalSection
	GlobalSection(ProjectConfigurationPlatforms) = postSolution
		{1A08F37B-FB40-433F-BEA8-DD1721143A34}.Debug|Any CPU.ActiveCfg = Debug|Any CPU
		{1A08F37B-FB40-433F-BEA8-DD1721143A34}.Debug|Any CPU.Build.0 = Debug|Any CPU
		{1A08F37B-FB40-433F-BEA8-DD1721143A34}.Release|Any CPU.ActiveCfg = Release|Any CPU
		{1A08F37B-FB40-433F-BEA8-DD1721143A34}.Release|Any CPU.Build.0 = Release|Any CPU
	EndGlobalSection
	GlobalSection(SolutionProperties) = preSolution
		HideSolutionNode = FALSE
	EndGlobalSection
	GlobalSection(ExtensibilityGlobals) = postSolution
		SolutionGuid = {3EDF5C0C-47C3-41BF-93FA-7BA20208CF38}
	EndGlobalSection
EndGlobal
